
Microsoft Visual Studio Solution File, Format Version 12.00
# Visual Studio Version 17
VisualStudioVersion = 17.4.33213.308
MinimumVisualStudioVersion = 10.0.40219.1
Project("{FAE04EC0-301F-11D3-BF4B-00C04F79EFBC}") = "cashcashclientlourd", "cashcashclientlourd\cashcashclientlourd.csproj", "{51B179C9-910B-49FF-9A7C-03B272793C75}"
EndProject
Project("{FAE04EC0-301F-11D3-BF4B-00C04F79EFBC}") = "cashcashbiblio", "cashcashbiblio\cashcashbiblio.csproj", "{50BC9658-1BFA-421F-9889-F3C797374F5B}"
EndProject
Global
	GlobalSection(SolutionConfigurationPlatforms) = preSolution
		Debug|Any CPU = Debug|Any CPU
		Release|Any CPU = Release|Any CPU
	EndGlobalSection
	GlobalSection(ProjectConfigurationPlatforms) = postSolution
		{51B179C9-910B-49FF-9A7C-03B272793C75}.Debug|Any CPU.ActiveCfg = Debug|Any CPU
		{51B179C9-910B-49FF-9A7C-03B272793C75}.Debug|Any CPU.Build.0 = Debug|Any CPU
		{51B179C9-910B-49FF-9A7C-03B272793C75}.Release|Any CPU.ActiveCfg = Release|Any CPU
		{51B179C9-910B-49FF-9A7C-03B272793C75}.Release|Any CPU.Build.0 = Release|Any CPU
		{50BC9658-1BFA-421F-9889-F3C797374F5B}.Debug|Any CPU.ActiveCfg = Debug|Any CPU
		{50BC9658-1BFA-421F-9889-F3C797374F5B}.Debug|Any CPU.Build.0 = Debug|Any CPU
		{50BC9658-1BFA-421F-9889-F3C797374F5B}.Release|Any CPU.ActiveCfg = Release|Any CPU
		{50BC9658-1BFA-421F-9889-F3C797374F5B}.Release|Any CPU.Build.0 = Release|Any CPU
	EndGlobalSection
	GlobalSection(SolutionProperties) = preSolution
		HideSolutionNode = FALSE
	EndGlobalSection
	GlobalSection(ExtensibilityGlobals) = postSolution
		SolutionGuid = {F6BFAC8D-BAB7-4E8A-95B4-21FF457C2BDD}
	EndGlobalSection
EndGlobal
